
Microsoft Visual Studio Solution File, Format Version 12.00
# Visual Studio Version 17
VisualStudioVersion = 17.4.33205.214
MinimumVisualStudioVersion = 10.0.40219.1
Project("{FAE04EC0-301F-11D3-BF4B-00C04F79EFBC}") = "Ex1-MapIntegersToType", "Ex1\Ex1-MapIntegersToType.csproj", "{E8197A7D-908E-45CB-A7C2-37E3EC32C135}"
EndProject
Project("{2150E333-8FDC-42A3-9474-1A3956D46DE8}") = "Chapter 2 - Primitive Types", "Chapter 2 - Primitive Types", "{E4D8F553-A609-4DA3-9731-A707AC331B49}"
EndProject
Project("{FAE04EC0-301F-11D3-BF4B-00C04F79EFBC}") = "Ex3-EqualUpToPrecision", "Ex2\Ex3-EqualUpToPrecision.csproj", "{02240A1C-8FC6-49BF-9AFD-17EAA9C22AD1}"
EndProject
Project("{FAE04EC0-301F-11D3-BF4B-00C04F79EFBC}") = "EX4-hexadecimal", "EX4-hexadecimal\EX4-hexadecimal.csproj", "{5425E4E3-0667-43C6-9918-5727A990EC7B}"
EndProject
Project("{FAE04EC0-301F-11D3-BF4B-00C04F79EFBC}") = "EX5-UnicodeChar", "EX5-UnicodeChar\EX5-UnicodeChar.csproj", "{D810B50E-007D-4EF6-8477-DC1ABADB9D6E}"
EndProject
Project("{FAE04EC0-301F-11D3-BF4B-00C04F79EFBC}") = "Ex6-Boolean", "Ex6-Boolean\Ex6-Boolean.csproj", "{7F9E93B6-2565-4509-8593-D4D14B84778C}"
EndProject
Project("{FAE04EC0-301F-11D3-BF4B-00C04F79EFBC}") = "Ex7-Ex8-string-object-string", "Ex7-ObjectWithStrings\Ex7-Ex8-string-object-string.csproj", "{DFD49CA5-205D-4FF0-80EC-ACDE6DC52463}"
EndProject
Project("{FAE04EC0-301F-11D3-BF4B-00C04F79EFBC}") = "Ex9-QuotesInString", "Ex9-QuotesInString\Ex9-QuotesInString.csproj", "{41848C2F-8775-4783-90B0-833569E3735A}"
EndProject
Project("{FAE04EC0-301F-11D3-BF4B-00C04F79EFBC}") = "Ex10-Heart", "Ex10-Heart\Ex10-Heart.csproj", "{1FD7149D-C746-4333-804D-3169EDF4B774}"
EndProject
Project("{FAE04EC0-301F-11D3-BF4B-00C04F79EFBC}") = "Ex12-Employee", "Ex12-Employee\Ex12-Employee.csproj", "{4B0345FF-A97E-4584-B94D-6CC787D9AAFA}"
EndProject
Project("{FAE04EC0-301F-11D3-BF4B-00C04F79EFBC}") = "Ex13-Swap", "Ex13-Swap\Ex13-Swap.csproj", "{981AE1F6-78E8-4BE2-810A-1567067C03A8}"
EndProject
Global
	GlobalSection(SolutionConfigurationPlatforms) = preSolution
		Debug|Any CPU = Debug|Any CPU
		Release|Any CPU = Release|Any CPU
	EndGlobalSection
	GlobalSection(ProjectConfigurationPlatforms) = postSolution
		{E8197A7D-908E-45CB-A7C2-37E3EC32C135}.Debug|Any CPU.ActiveCfg = Debug|Any CPU
		{E8197A7D-908E-45CB-A7C2-37E3EC32C135}.Debug|Any CPU.Build.0 = Debug|Any CPU
		{E8197A7D-908E-45CB-A7C2-37E3EC32C135}.Release|Any CPU.ActiveCfg = Release|Any CPU
		{E8197A7D-908E-45CB-A7C2-37E3EC32C135}.Release|Any CPU.Build.0 = Release|Any CPU
		{02240A1C-8FC6-49BF-9AFD-17EAA9C22AD1}.Debug|Any CPU.ActiveCfg = Debug|Any CPU
		{02240A1C-8FC6-49BF-9AFD-17EAA9C22AD1}.Debug|Any CPU.Build.0 = Debug|Any CPU
		{02240A1C-8FC6-49BF-9AFD-17EAA9C22AD1}.Release|Any CPU.ActiveCfg = Release|Any CPU
		{02240A1C-8FC6-49BF-9AFD-17EAA9C22AD1}.Release|Any CPU.Build.0 = Release|Any CPU
		{5425E4E3-0667-43C6-9918-5727A990EC7B}.Debug|Any CPU.ActiveCfg = Debug|Any CPU
		{5425E4E3-0667-43C6-9918-5727A990EC7B}.Debug|Any CPU.Build.0 = Debug|Any CPU
		{5425E4E3-0667-43C6-9918-5727A990EC7B}.Release|Any CPU.ActiveCfg = Release|Any CPU
		{5425E4E3-0667-43C6-9918-5727A990EC7B}.Release|Any CPU.Build.0 = Release|Any CPU
		{D810B50E-007D-4EF6-8477-DC1ABADB9D6E}.Debug|Any CPU.ActiveCfg = Debug|Any CPU
		{D810B50E-007D-4EF6-8477-DC1ABADB9D6E}.Debug|Any CPU.Build.0 = Debug|Any CPU
		{D810B50E-007D-4EF6-8477-DC1ABADB9D6E}.Release|Any CPU.ActiveCfg = Release|Any CPU
		{D810B50E-007D-4EF6-8477-DC1ABADB9D6E}.Release|Any CPU.Build.0 = Release|Any CPU
		{7F9E93B6-2565-4509-8593-D4D14B84778C}.Debug|Any CPU.ActiveCfg = Debug|Any CPU
		{7F9E93B6-2565-4509-8593-D4D14B84778C}.Debug|Any CPU.Build.0 = Debug|Any CPU
		{7F9E93B6-2565-4509-8593-D4D14B84778C}.Release|Any CPU.ActiveCfg = Release|Any CPU
		{7F9E93B6-2565-4509-8593-D4D14B84778C}.Release|Any CPU.Build.0 = Release|Any CPU
		{DFD49CA5-205D-4FF0-80EC-ACDE6DC52463}.Debug|Any CPU.ActiveCfg = Debug|Any CPU
		{DFD49CA5-205D-4FF0-80EC-ACDE6DC52463}.Debug|Any CPU.Build.0 = Debug|Any CPU
		{DFD49CA5-205D-4FF0-80EC-ACDE6DC52463}.Release|Any CPU.ActiveCfg = Release|Any CPU
		{DFD49CA5-205D-4FF0-80EC-ACDE6DC52463}.Release|Any CPU.Build.0 = Release|Any CPU
		{41848C2F-8775-4783-90B0-833569E3735A}.Debug|Any CPU.ActiveCfg = Debug|Any CPU
		{41848C2F-8775-4783-90B0-833569E3735A}.Debug|Any CPU.Build.0 = Debug|Any CPU
		{41848C2F-8775-4783-90B0-833569E3735A}.Release|Any CPU.ActiveCfg = Release|Any CPU
		{41848C2F-8775-4783-90B0-833569E3735A}.Release|Any CPU.Build.0 = Release|Any CPU
		{1FD7149D-C746-4333-804D-3169EDF4B774}.Debug|Any CPU.ActiveCfg = Debug|Any CPU
		{1FD7149D-C746-4333-804D-3169EDF4B774}.Debug|Any CPU.Build.0 = Debug|Any CPU
		{1FD7149D-C746-4333-804D-3169EDF4B774}.Release|Any CPU.ActiveCfg = Release|Any CPU
		{1FD7149D-C746-4333-804D-3169EDF4B774}.Release|Any CPU.Build.0 = Release|Any CPU
		{4B0345FF-A97E-4584-B94D-6CC787D9AAFA}.Debug|Any CPU.ActiveCfg = Debug|Any CPU
		{4B0345FF-A97E-4584-B94D-6CC787D9AAFA}.Debug|Any CPU.Build.0 = Debug|Any CPU
		{4B0345FF-A97E-4584-B94D-6CC787D9AAFA}.Release|Any CPU.ActiveCfg = Release|Any CPU
		{4B0345FF-A97E-4584-B94D-6CC787D9AAFA}.Release|Any CPU.Build.0 = Release|Any CPU
		{981AE1F6-78E8-4BE2-810A-1567067C03A8}.Debug|Any CPU.ActiveCfg = Debug|Any CPU
		{981AE1F6-78E8-4BE2-810A-1567067C03A8}.Debug|Any CPU.Build.0 = Debug|Any CPU
		{981AE1F6-78E8-4BE2-810A-1567067C03A8}.Release|Any CPU.ActiveCfg = Release|Any CPU
		{981AE1F6-78E8-4BE2-810A-1567067C03A8}.Release|Any CPU.Build.0 = Release|Any CPU
	EndGlobalSection
	GlobalSection(SolutionProperties) = preSolution
		HideSolutionNode = FALSE
	EndGlobalSection
	GlobalSection(NestedProjects) = preSolution
		{E8197A7D-908E-45CB-A7C2-37E3EC32C135} = {E4D8F553-A609-4DA3-9731-A707AC331B49}
		{02240A1C-8FC6-49BF-9AFD-17EAA9C22AD1} = {E4D8F553-A609-4DA3-9731-A707AC331B49}
		{5425E4E3-0667-43C6-9918-5727A990EC7B} = {E4D8F553-A609-4DA3-9731-A707AC331B49}
		{D810B50E-007D-4EF6-8477-DC1ABADB9D6E} = {E4D8F553-A609-4DA3-9731-A707AC331B49}
		{7F9E93B6-2565-4509-8593-D4D14B84778C} = {E4D8F553-A609-4DA3-9731-A707AC331B49}
		{DFD49CA5-205D-4FF0-80EC-ACDE6DC52463} = {E4D8F553-A609-4DA3-9731-A707AC331B49}
		{41848C2F-8775-4783-90B0-833569E3735A} = {E4D8F553-A609-4DA3-9731-A707AC331B49}
		{1FD7149D-C746-4333-804D-3169EDF4B774} = {E4D8F553-A609-4DA3-9731-A707AC331B49}
		{4B0345FF-A97E-4584-B94D-6CC787D9AAFA} = {E4D8F553-A609-4DA3-9731-A707AC331B49}
		{981AE1F6-78E8-4BE2-810A-1567067C03A8} = {E4D8F553-A609-4DA3-9731-A707AC331B49}
	EndGlobalSection
	GlobalSection(ExtensibilityGlobals) = postSolution
		SolutionGuid = {5C2890ED-A85B-400C-885D-7B2E2F990531}
	EndGlobalSection
EndGlobal
